
Microsoft Visual Studio Solution File, Format Version 12.00
# Visual Studio Version 16
VisualStudioVersion = 16.0.30611.23
MinimumVisualStudioVersion = 10.0.40219.1
Project("{FAE04EC0-301F-11D3-BF4B-00C04F79EFBC}") = "DataAccess", "DataAccess\DataAccess.csproj", "{0CB2D14B-23E1-4E34-8634-D32312968160}"
EndProject
Project("{FAE04EC0-301F-11D3-BF4B-00C04F79EFBC}") = "Business", "Business\Business.csproj", "{426FDF93-00B3-4605-8D3C-7DF5FD6F0714}"
EndProject
Project("{FAE04EC0-301F-11D3-BF4B-00C04F79EFBC}") = "Entities", "Entities\Entities.csproj", "{B57262AE-863A-474E-B69F-4770B84E3486}"
EndProject
Project("{FAE04EC0-301F-11D3-BF4B-00C04F79EFBC}") = "ConsoleUI", "ConsoleUI\ConsoleUI.csproj", "{9C71B0B8-4451-446C-B469-D7E69AF9A798}"
EndProject
Global
	GlobalSection(SolutionConfigurationPlatforms) = preSolution
		Debug|Any CPU = Debug|Any CPU
		Release|Any CPU = Release|Any CPU
	EndGlobalSection
	GlobalSection(ProjectConfigurationPlatforms) = postSolution
		{0CB2D14B-23E1-4E34-8634-D32312968160}.Debug|Any CPU.ActiveCfg = Debug|Any CPU
		{0CB2D14B-23E1-4E34-8634-D32312968160}.Debug|Any CPU.Build.0 = Debug|Any CPU
		{0CB2D14B-23E1-4E34-8634-D32312968160}.Release|Any CPU.ActiveCfg = Release|Any CPU
		{0CB2D14B-23E1-4E34-8634-D32312968160}.Release|Any CPU.Build.0 = Release|Any CPU
		{426FDF93-00B3-4605-8D3C-7DF5FD6F0714}.Debug|Any CPU.ActiveCfg = Debug|Any CPU
		{426FDF93-00B3-4605-8D3C-7DF5FD6F0714}.Debug|Any CPU.Build.0 = Debug|Any CPU
		{426FDF93-00B3-4605-8D3C-7DF5FD6F0714}.Release|Any CPU.ActiveCfg = Release|Any CPU
		{426FDF93-00B3-4605-8D3C-7DF5FD6F0714}.Release|Any CPU.Build.0 = Release|Any CPU
		{B57262AE-863A-474E-B69F-4770B84E3486}.Debug|Any CPU.ActiveCfg = Debug|Any CPU
		{B57262AE-863A-474E-B69F-4770B84E3486}.Debug|Any CPU.Build.0 = Debug|Any CPU
		{B57262AE-863A-474E-B69F-4770B84E3486}.Release|Any CPU.ActiveCfg = Release|Any CPU
		{B57262AE-863A-474E-B69F-4770B84E3486}.Release|Any CPU.Build.0 = Release|Any CPU
		{9C71B0B8-4451-446C-B469-D7E69AF9A798}.Debug|Any CPU.ActiveCfg = Debug|Any CPU
		{9C71B0B8-4451-446C-B469-D7E69AF9A798}.Debug|Any CPU.Build.0 = Debug|Any CPU
		{9C71B0B8-4451-446C-B469-D7E69AF9A798}.Release|Any CPU.ActiveCfg = Release|Any CPU
		{9C71B0B8-4451-446C-B469-D7E69AF9A798}.Release|Any CPU.Build.0 = Release|Any CPU
	EndGlobalSection
	GlobalSection(SolutionProperties) = preSolution
		HideSolutionNode = FALSE
	EndGlobalSection
	GlobalSection(ExtensibilityGlobals) = postSolution
		SolutionGuid = {D2D64472-DD4B-4D83-BEFF-ABBE67700FFC}
	EndGlobalSection
EndGlobal
